
Microsoft Visual Studio Solution File, Format Version 12.00
# Visual Studio Version 17
VisualStudioVersion = 17.9.34728.123
MinimumVisualStudioVersion = 10.0.40219.1
Project("{FAE04EC0-301F-11D3-BF4B-00C04F79EFBC}") = "LazurusWake", "LazurusWake.csproj", "{4346D8FE-918F-4BC5-BB44-DBA096ED6B67}"
EndProject
Global
	GlobalSection(SolutionConfigurationPlatforms) = preSolution
		Debug|Any CPU = Debug|Any CPU
		Release|Any CPU = Release|Any CPU
	EndGlobalSection
	GlobalSection(ProjectConfigurationPlatforms) = postSolution
		{4346D8FE-918F-4BC5-BB44-DBA096ED6B67}.Debug|Any CPU.ActiveCfg = Debug|Any CPU
		{4346D8FE-918F-4BC5-BB44-DBA096ED6B67}.Debug|Any CPU.Build.0 = Debug|Any CPU
		{4346D8FE-918F-4BC5-BB44-DBA096ED6B67}.Release|Any CPU.ActiveCfg = Release|Any CPU
		{4346D8FE-918F-4BC5-BB44-DBA096ED6B67}.Release|Any CPU.Build.0 = Release|Any CPU
	EndGlobalSection
	GlobalSection(SolutionProperties) = preSolution
		HideSolutionNode = FALSE
	EndGlobalSection
	GlobalSection(ExtensibilityGlobals) = postSolution
		SolutionGuid = {400B5F2C-CD3A-4C70-BAD0-831964813298}
	EndGlobalSection
EndGlobal
